
Microsoft Visual Studio Solution File, Format Version 12.00
# Visual Studio 15
VisualStudioVersion = 15.0.28307.852
MinimumVisualStudioVersion = 10.0.40219.1
Project("{8BC9CEB8-8B4A-11D0-8D11-00A0C91BC942}") = "Server", "Server\Server.vcxproj", "{9B25DA51-2761-445D-9FFF-FD070E2212F3}"
EndProject
Project("{8BC9CEB8-8B4A-11D0-8D11-00A0C91BC942}") = "Client", "Client\Client.vcxproj", "{D8F53204-7308-4D16-9D0D-EA83E3007823}"
EndProject
Global
	GlobalSection(SolutionConfigurationPlatforms) = preSolution
		Debug|x64 = Debug|x64
		Debug|x86 = Debug|x86
		Release|x64 = Release|x64
		Release|x86 = Release|x86
	EndGlobalSection
	GlobalSection(ProjectConfigurationPlatforms) = postSolution
		{9B25DA51-2761-445D-9FFF-FD070E2212F3}.Debug|x64.ActiveCfg = Debug|x64
		{9B25DA51-2761-445D-9FFF-FD070E2212F3}.Debug|x64.Build.0 = Debug|x64
		{9B25DA51-2761-445D-9FFF-FD070E2212F3}.Debug|x86.ActiveCfg = Debug|Win32
		{9B25DA51-2761-445D-9FFF-FD070E2212F3}.Debug|x86.Build.0 = Debug|Win32
		{9B25DA51-2761-445D-9FFF-FD070E2212F3}.Release|x64.ActiveCfg = Release|x64
		{9B25DA51-2761-445D-9FFF-FD070E2212F3}.Release|x64.Build.0 = Release|x64
		{9B25DA51-2761-445D-9FFF-FD070E2212F3}.Release|x86.ActiveCfg = Release|Win32
		{9B25DA51-2761-445D-9FFF-FD070E2212F3}.Release|x86.Build.0 = Release|Win32
		{D8F53204-7308-4D16-9D0D-EA83E3007823}.Debug|x64.ActiveCfg = Debug|x64
		{D8F53204-7308-4D16-9D0D-EA83E3007823}.Debug|x64.Build.0 = Debug|x64
		{D8F53204-7308-4D16-9D0D-EA83E3007823}.Debug|x86.ActiveCfg = Debug|Win32
		{D8F53204-7308-4D16-9D0D-EA83E3007823}.Debug|x86.Build.0 = Debug|Win32
		{D8F53204-7308-4D16-9D0D-EA83E3007823}.Release|x64.ActiveCfg = Release|x64
		{D8F53204-7308-4D16-9D0D-EA83E3007823}.Release|x64.Build.0 = Release|x64
		{D8F53204-7308-4D16-9D0D-EA83E3007823}.Release|x86.ActiveCfg = Release|Win32
		{D8F53204-7308-4D16-9D0D-EA83E3007823}.Release|x86.Build.0 = Release|Win32
	EndGlobalSection
	GlobalSection(SolutionProperties) = preSolution
		HideSolutionNode = FALSE
	EndGlobalSection
	GlobalSection(ExtensibilityGlobals) = postSolution
		SolutionGuid = {7B4CE102-1533-422C-8DE1-99D6F16BCC6C}
	EndGlobalSection
EndGlobal
