
Microsoft Visual Studio Solution File, Format Version 12.00
# Visual Studio 15
VisualStudioVersion = 15.0.28307.852
MinimumVisualStudioVersion = 10.0.40219.1
Project("{8BC9CEB8-8B4A-11D0-8D11-00A0C91BC942}") = "UDPServer", "UDPServer\UDPServer.vcxproj", "{32554FE6-E286-4BBE-AD83-437E8D6BB06C}"
EndProject
Project("{8BC9CEB8-8B4A-11D0-8D11-00A0C91BC942}") = "UDPClient", "UDPClient\UDPClient.vcxproj", "{A31EF060-D866-404D-BE25-A6E2AF304566}"
EndProject
Global
	GlobalSection(SolutionConfigurationPlatforms) = preSolution
		Debug|x64 = Debug|x64
		Debug|x86 = Debug|x86
		Release|x64 = Release|x64
		Release|x86 = Release|x86
	EndGlobalSection
	GlobalSection(ProjectConfigurationPlatforms) = postSolution
		{32554FE6-E286-4BBE-AD83-437E8D6BB06C}.Debug|x64.ActiveCfg = Debug|x64
		{32554FE6-E286-4BBE-AD83-437E8D6BB06C}.Debug|x64.Build.0 = Debug|x64
		{32554FE6-E286-4BBE-AD83-437E8D6BB06C}.Debug|x86.ActiveCfg = Debug|Win32
		{32554FE6-E286-4BBE-AD83-437E8D6BB06C}.Debug|x86.Build.0 = Debug|Win32
		{32554FE6-E286-4BBE-AD83-437E8D6BB06C}.Release|x64.ActiveCfg = Release|x64
		{32554FE6-E286-4BBE-AD83-437E8D6BB06C}.Release|x64.Build.0 = Release|x64
		{32554FE6-E286-4BBE-AD83-437E8D6BB06C}.Release|x86.ActiveCfg = Release|Win32
		{32554FE6-E286-4BBE-AD83-437E8D6BB06C}.Release|x86.Build.0 = Release|Win32
		{A31EF060-D866-404D-BE25-A6E2AF304566}.Debug|x64.ActiveCfg = Debug|x64
		{A31EF060-D866-404D-BE25-A6E2AF304566}.Debug|x64.Build.0 = Debug|x64
		{A31EF060-D866-404D-BE25-A6E2AF304566}.Debug|x86.ActiveCfg = Debug|Win32
		{A31EF060-D866-404D-BE25-A6E2AF304566}.Debug|x86.Build.0 = Debug|Win32
		{A31EF060-D866-404D-BE25-A6E2AF304566}.Release|x64.ActiveCfg = Release|x64
		{A31EF060-D866-404D-BE25-A6E2AF304566}.Release|x64.Build.0 = Release|x64
		{A31EF060-D866-404D-BE25-A6E2AF304566}.Release|x86.ActiveCfg = Release|Win32
		{A31EF060-D866-404D-BE25-A6E2AF304566}.Release|x86.Build.0 = Release|Win32
	EndGlobalSection
	GlobalSection(SolutionProperties) = preSolution
		HideSolutionNode = FALSE
	EndGlobalSection
	GlobalSection(ExtensibilityGlobals) = postSolution
		SolutionGuid = {D88C1CA1-1DAE-45CD-93AC-235FB6FF47E8}
	EndGlobalSection
EndGlobal
